<?xml version="1.0" encoding="utf-8"?>
<Project ToolsVersion="4.0" xmlns="http://schemas.microsoft.com/developer/msbuild/2003">
  <ItemGroup>
    <Filter Include="External">
      <UniqueIdentifier>{c715c280-94e3-4b50-ba54-cea0658b65a1}</UniqueIdentifier>
    </Filter>
    <Filter Include="External\Source">
      <UniqueIdentifier>{fb135302-2072-4cd6-94e7-5f1a7b85700d}</UniqueIdentifier>
    </Filter>
    <Filter Include="External\Header">
      <UniqueIdentifier>{f2db4c03-2df3-4b05-8581-8cd779bccfdf}</UniqueIdentifier>
    </Filter>
    <Filter Include="Core">
      <UniqueIdentifier>{c3ab7533-63df-4f84-88dc-e3cb5f301cbd}</UniqueIdentifier>
    </Filter>
    <Filter Include="Application">
      <UniqueIdentifier>{ede6cd7d-290e-4ead-9c63-f5f018e37c52}</UniqueIdentifier>
    </Filter>
    <Filter Include="Core\Header">
      <UniqueIdentifier>{b30c259a-75a5-4ee9-9f16-533535e49644}</UniqueIdentifier>
    </Filter>
    <Filter Include="Core\Source">
      <UniqueIdentifier>{7ebf81f9-01c2-4745-9173-c61b1a4374e7}</UniqueIdentifier>
    </Filter>
    <Filter Include="Application\Header">
      <UniqueIdentifier>{a512cc91-e9e9-4291-99d1-55c41ac99e49}</UniqueIdentifier>
    </Filter>
    <Filter Include="Application\Source">
      <UniqueIdentifier>{a5948ef2-c6b9-4cb3-820d-d09a5e8cd8be}</UniqueIdentifier>
    </Filter>
  </ItemGroup>
  <ItemGroup>
    <None Include="packages.config" />
  </ItemGroup>
  <ItemGroup>
    <ClInclude Include="Core\External\dependencies\include\extras\FA6FreeSolidFontData.h">
      <Filter>External\Header</Filter>
    </ClInclude>
    <ClInclude Include="dependencies\include\extras\FA6FreeSolidFontData.h">
      <Filter>External\Header</Filter>
    </ClInclude>
    <ClInclude Include="Core\External\dependencies\include\extras\IconsFontAwesome6.h">
      <Filter>External\Header</Filter>
    </ClInclude>
    <ClInclude Include="dependencies\include\extras\IconsFontAwesome6.h">
      <Filter>External\Header</Filter>
    </ClInclude>
    <ClInclude Include="Core\External\dependencies\include\imconfig.h">
      <Filter>External\Header</Filter>
    </ClInclude>
    <ClInclude Include="dependencies\include\imconfig.h">
      <Filter>External\Header</Filter>
    </ClInclude>
    <ClInclude Include="Core\External\dependencies\include\imgui.h">
      <Filter>External\Header</Filter>
    </ClInclude>
    <ClInclude Include="dependencies\include\imgui.h">
      <Filter>External\Header</Filter>
    </ClInclude>
    <ClInclude Include="Core\External\dependencies\include\imgui_impl_raylib.h">
      <Filter>External\Header</Filter>
    </ClInclude>
    <ClInclude Include="dependencies\include\imgui_impl_raylib.h">
      <Filter>External\Header</Filter>
    </ClInclude>
    <ClInclude Include="Core\External\dependencies\include\imgui_internal.h">
      <Filter>External\Header</Filter>
    </ClInclude>
    <ClInclude Include="dependencies\include\imgui_internal.h">
      <Filter>External\Header</Filter>
    </ClInclude>
    <ClInclude Include="Core\External\dependencies\include\imstb_rectpack.h">
      <Filter>External\Header</Filter>
    </ClInclude>
    <ClInclude Include="dependencies\include\imstb_rectpack.h">
      <Filter>External\Header</Filter>
    </ClInclude>
    <ClInclude Include="Core\External\dependencies\include\imstb_textedit.h">
      <Filter>External\Header</Filter>
    </ClInclude>
    <ClInclude Include="dependencies\include\imstb_textedit.h">
      <Filter>External\Header</Filter>
    </ClInclude>
    <ClInclude Include="Core\External\dependencies\include\imstb_truetype.h">
      <Filter>External\Header</Filter>
    </ClInclude>
    <ClInclude Include="dependencies\include\imstb_truetype.h">
      <Filter>External\Header</Filter>
    </ClInclude>
    <ClInclude Include="Core\External\dependencies\include\rlImGui.h">
      <Filter>External\Header</Filter>
    </ClInclude>
    <ClInclude Include="dependencies\include\rlImGui.h">
      <Filter>External\Header</Filter>
    </ClInclude>
    <ClInclude Include="Core\External\dependencies\include\rlImGuiColors.h">
      <Filter>External\Header</Filter>
    </ClInclude>
    <ClInclude Include="dependencies\include\rlImGuiColors.h">
      <Filter>External\Header</Filter>
    </ClInclude>
    <ClInclude Include="Core\Scene.h">
      <Filter>Core\Header</Filter>
    </ClInclude>
    <ClInclude Include="Core\Application.h">
      <Filter>Core\Header</Filter>
    </ClInclude>
    <ClInclude Include="Core\Debug.h">
      <Filter>Core\Header</Filter>
    </ClInclude>
    <ClInclude Include="GameScene.h">
      <Filter>Application\Header</Filter>
    </ClInclude>
    <ClInclude Include="EditorScene.h">
      <Filter>Application\Header</Filter>
    </ClInclude>
  </ItemGroup>
  <ItemGroup>
    <ClCompile Include="Core\External\imgui.cpp">
      <Filter>External\Source</Filter>
    </ClCompile>
    <ClCompile Include="Core\External\imgui_demo.cpp">
      <Filter>External\Source</Filter>
    </ClCompile>
    <ClCompile Include="Core\External\imgui_draw.cpp">
      <Filter>External\Source</Filter>
    </ClCompile>
    <ClCompile Include="Core\External\imgui_tables.cpp">
      <Filter>External\Source</Filter>
    </ClCompile>
    <ClCompile Include="Core\External\imgui_widgets.cpp">
      <Filter>External\Source</Filter>
    </ClCompile>
    <ClCompile Include="Core\External\rlImGui.cpp">
      <Filter>External\Source</Filter>
    </ClCompile>
    <ClCompile Include="Core\Debug.cpp">
      <Filter>Core\Source</Filter>
    </ClCompile>
    <ClCompile Include="Core\Application.cpp">
      <Filter>Core\Source</Filter>
    </ClCompile>
    <ClCompile Include="GameScene.cpp">
      <Filter>Application\Source</Filter>
    </ClCompile>
    <ClCompile Include="main.cpp">
      <Filter>Application\Source</Filter>
    </ClCompile>
    <ClCompile Include="EditorScene.cpp">
      <Filter>Application\Source</Filter>
    </ClCompile>
  </ItemGroup>
</Project>